
Microsoft Visual Studio Solution File, Format Version 12.00
# Visual Studio Version 16
VisualStudioVersion = 16.0.31624.102
MinimumVisualStudioVersion = 10.0.40219.1
Project("{FAE04EC0-301F-11D3-BF4B-00C04F79EFBC}") = "TimeLoop", "TimeLoop\TimeLoop.csproj", "{706F1A04-75B0-45DE-8DA2-7FD4F0704572}"
EndProject
Global
	GlobalSection(SolutionConfigurationPlatforms) = preSolution
		Debug|Any CPU = Debug|Any CPU
		Release|Any CPU = Release|Any CPU
	EndGlobalSection
	GlobalSection(ProjectConfigurationPlatforms) = postSolution
		{706F1A04-75B0-45DE-8DA2-7FD4F0704572}.Debug|Any CPU.ActiveCfg = Debug|Any CPU
		{706F1A04-75B0-45DE-8DA2-7FD4F0704572}.Debug|Any CPU.Build.0 = Debug|Any CPU
		{706F1A04-75B0-45DE-8DA2-7FD4F0704572}.Release|Any CPU.ActiveCfg = Release|Any CPU
		{706F1A04-75B0-45DE-8DA2-7FD4F0704572}.Release|Any CPU.Build.0 = Release|Any CPU
	EndGlobalSection
	GlobalSection(SolutionProperties) = preSolution
		HideSolutionNode = FALSE
	EndGlobalSection
	GlobalSection(ExtensibilityGlobals) = postSolution
		SolutionGuid = {B9683CD2-A514-42BB-A9EE-8436BB9B55DE}
	EndGlobalSection
EndGlobal
